// !$*UTF8*$!
{
	archiveVersion = 1;
	classes = {
	};
	objectVersion = 50;
	objects = {

/* Begin PBXBuildFile section */
		750A1B2021E8D515008D1056 /* AppDelegate.swift in Sources */ = {isa = PBXBuildFile; fileRef = 750A1B1F21E8D515008D1056 /* AppDelegate.swift */; };
		750A1B2221E8D515008D1056 /* ViewController.swift in Sources */ = {isa = PBXBuildFile; fileRef = 750A1B2121E8D515008D1056 /* ViewController.swift */; };
		750A1B2721E8D516008D1056 /* Main.storyboard in Resources */ = {isa = PBXBuildFile; fileRef = 750A1B2521E8D516008D1056 /* Main.storyboard */; };
		75D93C3321F1DABF00FB1967 /* TestNode.swift in Sources */ = {isa = PBXBuildFile; fileRef = 75D93C3221F1DABF00FB1967 /* TestNode.swift */; };
		75D93C5321F1E49400FB1967 /* SunburstChart.framework in Frameworks */ = {isa = PBXBuildFile; fileRef = 75D93C5221F1E48C00FB1967 /* SunburstChart.framework */; };
		75D93C5421F1E49400FB1967 /* SunburstChart.framework in Embed Frameworks */ = {isa = PBXBuildFile; fileRef = 75D93C5221F1E48C00FB1967 /* SunburstChart.framework */; settings = {ATTRIBUTES = (CodeSignOnCopy, RemoveHeadersOnCopy, ); }; };
/* End PBXBuildFile section */

/* Begin PBXCopyFilesBuildPhase section */
		75D93C4D21F1E46A00FB1967 /* Embed Frameworks */ = {
			isa = PBXCopyFilesBuildPhase;
			buildActionMask = 2147483647;
			dstPath = "";
			dstSubfolderSpec = 10;
			files = (
				75D93C5421F1E49400FB1967 /* SunburstChart.framework in Embed Frameworks */,
			);
			name = "Embed Frameworks";
			runOnlyForDeploymentPostprocessing = 0;
		};
/* End PBXCopyFilesBuildPhase section */

/* Begin PBXFileReference section */
		750A1B1C21E8D515008D1056 /* ChartDemo.app */ = {isa = PBXFileReference; explicitFileType = wrapper.application; includeInIndex = 0; path = ChartDemo.app; sourceTree = BUILT_PRODUCTS_DIR; };
		750A1B1F21E8D515008D1056 /* AppDelegate.swift */ = {isa = PBXFileReference; lastKnownFileType = sourcecode.swift; path = AppDelegate.swift; sourceTree = "<group>"; };
		750A1B2121E8D515008D1056 /* ViewController.swift */ = {isa = PBXFileReference; lastKnownFileType = sourcecode.swift; path = ViewController.swift; sourceTree = "<group>"; };
		750A1B2621E8D516008D1056 /* Base */ = {isa = PBXFileReference; lastKnownFileType = file.storyboard; name = Base; path = Base.lproj/Main.storyboard; sourceTree = "<group>"; };
		750A1B2821E8D516008D1056 /* Info.plist */ = {isa = PBXFileReference; lastKnownFileType = text.plist.xml; path = Info.plist; sourceTree = "<group>"; };
		75D93C3221F1DABF00FB1967 /* TestNode.swift */ = {isa = PBXFileReference; lastKnownFileType = sourcecode.swift; path = TestNode.swift; sourceTree = "<group>"; };
		75D93C5221F1E48C00FB1967 /* SunburstChart.framework */ = {isa = PBXFileReference; lastKnownFileType = wrapper.framework; name = SunburstChart.framework; path = "../../Library/Developer/Xcode/DerivedData/SunburstChart-alcsvhddhjfvvnfistryxyhlkhtj/Build/Products/Debug/SunburstChart.framework"; sourceTree = "<group>"; };
/* End PBXFileReference section */

/* Begin PBXFrameworksBuildPhase section */
		75D93C4521F1E3CB00FB1967 /* Frameworks */ = {
			isa = PBXFrameworksBuildPhase;
			buildActionMask = 2147483647;
			files = (
				75D93C5321F1E49400FB1967 /* SunburstChart.framework in Frameworks */,
			);
			runOnlyForDeploymentPostprocessing = 0;
		};
/* End PBXFrameworksBuildPhase section */

/* Begin PBXGroup section */
		750A1B1321E8D515008D1056 = {
			isa = PBXGroup;
			children = (
				750A1B1E21E8D515008D1056 /* ChartDemo */,
				750A1B1D21E8D515008D1056 /* Products */,
				750A1B3621E8D5F7008D1056 /* Frameworks */,
			);
			sourceTree = "<group>";
		};
		750A1B1D21E8D515008D1056 /* Products */ = {
			isa = PBXGroup;
			children = (
				750A1B1C21E8D515008D1056 /* ChartDemo.app */,
			);
			name = Products;
			sourceTree = "<group>";
		};
		750A1B1E21E8D515008D1056 /* ChartDemo */ = {
			isa = PBXGroup;
			children = (
				75D93C3221F1DABF00FB1967 /* TestNode.swift */,
				750A1B1F21E8D515008D1056 /* AppDelegate.swift */,
				750A1B2121E8D515008D1056 /* ViewController.swift */,
				750A1B2521E8D516008D1056 /* Main.storyboard */,
				750A1B2821E8D516008D1056 /* Info.plist */,
			);
			path = ChartDemo;
			sourceTree = "<group>";
		};
		750A1B3621E8D5F7008D1056 /* Frameworks */ = {
			isa = PBXGroup;
			children = (
				75D93C5221F1E48C00FB1967 /* SunburstChart.framework */,
			);
			name = Frameworks;
			sourceTree = "<group>";
		};
/* End PBXGroup section */

/* Begin PBXNativeTarget section */
		750A1B1B21E8D515008D1056 /* ChartDemo */ = {
			isa = PBXNativeTarget;
			buildConfigurationList = 750A1B2C21E8D516008D1056 /* Build configuration list for PBXNativeTarget "ChartDemo" */;
			buildPhases = (
				750A1B1821E8D515008D1056 /* Sources */,
				750A1B1A21E8D515008D1056 /* Resources */,
				75D93C4521F1E3CB00FB1967 /* Frameworks */,
				75D93C4921F1E43C00FB1967 /* Copy Frameworks (Carthage) */,
				75D93C4D21F1E46A00FB1967 /* Embed Frameworks */,
			);
			buildRules = (
			);
			dependencies = (
			);
			name = ChartDemo;
			productName = ChartDemo;
			productReference = 750A1B1C21E8D515008D1056 /* ChartDemo.app */;
			productType = "com.apple.product-type.application";
		};
/* End PBXNativeTarget section */

/* Begin PBXProject section */
		750A1B1421E8D515008D1056 /* Project object */ = {
			isa = PBXProject;
			attributes = {
				LastSwiftUpdateCheck = 1010;
				LastUpgradeCheck = 1010;
				ORGANIZATIONNAME = "Oskar Groth";
				TargetAttributes = {
					750A1B1B21E8D515008D1056 = {
						CreatedOnToolsVersion = 10.1;
						LastSwiftMigration = 1020;
					};
				};
			};
			buildConfigurationList = 750A1B1721E8D515008D1056 /* Build configuration list for PBXProject "ChartDemo" */;
			compatibilityVersion = "Xcode 9.3";
			developmentRegion = en;
			hasScannedForEncodings = 0;
			knownRegions = (
				en,
				Base,
			);
			mainGroup = 750A1B1321E8D515008D1056;
			productRefGroup = 750A1B1D21E8D515008D1056 /* Products */;
			projectDirPath = "";
			projectRoot = "";
			targets = (
				750A1B1B21E8D515008D1056 /* ChartDemo */,
			);
		};
/* End PBXProject section */

/* Begin PBXResourcesBuildPhase section */
		750A1B1A21E8D515008D1056 /* Resources */ = {
			isa = PBXResourcesBuildPhase;
			buildActionMask = 2147483647;
			files = (
				750A1B2721E8D516008D1056 /* Main.storyboard in Resources */,
			);
			runOnlyForDeploymentPostprocessing = 0;
		};
/* End PBXResourcesBuildPhase section */

/* Begin PBXShellScriptBuildPhase section */
		75D93C4921F1E43C00FB1967 /* Copy Frameworks (Carthage) */ = {
			isa = PBXShellScriptBuildPhase;
			buildActionMask = 2147483647;
			files = (
			);
			inputFileListPaths = (
			);
			inputPaths = (
			);
			name = "Copy Frameworks (Carthage)";
			outputFileListPaths = (
			);
			outputPaths = (
			);
			runOnlyForDeploymentPostprocessing = 0;
			shellPath = /bin/sh;
			shellScript = "/usr/local/bin/carthage copy-frameworks\n";
		};
/* End PBXShellScriptBuildPhase section */

/* Begin PBXSourcesBuildPhase section */
		750A1B1821E8D515008D1056 /* Sources */ = {
			isa = PBXSourcesBuildPhase;
			buildActionMask = 2147483647;
			files = (
				75D93C3321F1DABF00FB1967 /* TestNode.swift in Sources */,
				750A1B2221E8D515008D1056 /* ViewController.swift in Sources */,
				750A1B2021E8D515008D1056 /* AppDelegate.swift in Sources */,
			);
			runOnlyForDeploymentPostprocessing = 0;
		};
/* End PBXSourcesBuildPhase section */

/* Begin PBXVariantGroup section */
		750A1B2521E8D516008D1056 /* Main.storyboard */ = {
			isa = PBXVariantGroup;
			children = (
				750A1B2621E8D516008D1056 /* Base */,
			);
			name = Main.storyboard;
			sourceTree = "<group>";
		};
/* End PBXVariantGroup section */

/* Begin XCBuildConfiguration section */
		750A1B2A21E8D516008D1056 /* Debug */ = {
			isa = XCBuildConfiguration;
			buildSettings = {
				ALWAYS_SEARCH_USER_PATHS = NO;
				CLANG_ANALYZER_NONNULL = YES;
				CLANG_ANALYZER_NUMBER_OBJECT_CONVERSION = YES_AGGRESSIVE;
				CLANG_CXX_LANGUAGE_STANDARD = "gnu++14";
				CLANG_CXX_LIBRARY = "libc++";
				CLANG_ENABLE_MODULES = YES;
				CLANG_ENABLE_OBJC_ARC = YES;
				CLANG_ENABLE_OBJC_WEAK = YES;
				CLANG_WARN_BLOCK_CAPTURE_AUTORELEASING = YES;
				CLANG_WARN_BOOL_CONVERSION = YES;
				CLANG_WARN_COMMA = YES;
				CLANG_WARN_CONSTANT_CONVERSION = YES;
				CLANG_WARN_DEPRECATED_OBJC_IMPLEMENTATIONS = YES;
				CLANG_WARN_DIRECT_OBJC_ISA_USAGE = YES_ERROR;
				CLANG_WARN_DOCUMENTATION_COMMENTS = YES;
				CLANG_WARN_EMPTY_BODY = YES;
				CLANG_WARN_ENUM_CONVERSION = YES;
				CLANG_WARN_INFINITE_RECURSION = YES;
				CLANG_WARN_INT_CONVERSION = YES;
				CLANG_WARN_NON_LITERAL_NULL_CONVERSION = YES;
				CLANG_WARN_OBJC_IMPLICIT_RETAIN_SELF = YES;
				CLANG_WARN_OBJC_LITERAL_CONVERSION = YES;
				CLANG_WARN_OBJC_ROOT_CLASS = YES_ERROR;
				CLANG_WARN_RANGE_LOOP_ANALYSIS = YES;
				CLANG_WARN_STRICT_PROTOTYPES = YES;
				CLANG_WARN_SUSPICIOUS_MOVE = YES;
				CLANG_WARN_UNGUARDED_AVAILABILITY = YES_AGGRESSIVE;
				CLANG_WARN_UNREACHABLE_CODE = YES;
				CLANG_WARN__DUPLICATE_METHOD_MATCH = YES;
				CODE_SIGN_IDENTITY = "Mac Developer";
				COPY_PHASE_STRIP = NO;
				DEBUG_INFORMATION_FORMAT = dwarf;
				ENABLE_STRICT_OBJC_MSGSEND = YES;
				ENABLE_TESTABILITY = YES;
				GCC_C_LANGUAGE_STANDARD = gnu11;
				GCC_DYNAMIC_NO_PIC = NO;
				GCC_NO_COMMON_BLOCKS = YES;
				GCC_OPTIMIZATION_LEVEL = 0;
				GCC_PREPROCESSOR_DEFINITIONS = (
					"DEBUG=1",
					"$(inherited)",
				);
				GCC_WARN_64_TO_32_BIT_CONVERSION = YES;
				GCC_WARN_ABOUT_RETURN_TYPE = YES_ERROR;
				GCC_WARN_UNDECLARED_SELECTOR = YES;
				GCC_WARN_UNINITIALIZED_AUTOS = YES_AGGRESSIVE;
				GCC_WARN_UNUSED_FUNCTION = YES;
				GCC_WARN_UNUSED_VARIABLE = YES;
				MACOSX_DEPLOYMENT_TARGET = 10.14;
				MTL_ENABLE_DEBUG_INFO = INCLUDE_SOURCE;
				MTL_FAST_MATH = YES;
				ONLY_ACTIVE_ARCH = YES;
				SDKROOT = macosx;
				SWIFT_ACTIVE_COMPILATION_CONDITIONS = DEBUG;
				SWIFT_OPTIMIZATION_LEVEL = "-Onone";
			};
			name = Debug;
		};
		750A1B2B21E8D516008D1056 /* Release */ = {
			isa = XCBuildConfiguration;
			buildSettings = {
				ALWAYS_SEARCH_USER_PATHS = NO;
				CLANG_ANALYZER_NONNULL = YES;
				CLANG_ANALYZER_NUMBER_OBJECT_CONVERSION = YES_AGGRESSIVE;
				CLANG_CXX_LANGUAGE_STANDARD = "gnu++14";
				CLANG_CXX_LIBRARY = "libc++";
				CLANG_ENABLE_MODULES = YES;
				CLANG_ENABLE_OBJC_ARC = YES;
				CLANG_ENABLE_OBJC_WEAK = YES;
				CLANG_WARN_BLOCK_CAPTURE_AUTORELEASING = YES;
				CLANG_WARN_BOOL_CONVERSION = YES;
				CLANG_WARN_COMMA = YES;
				CLANG_WARN_CONSTANT_CONVERSION = YES;
				CLANG_WARN_DEPRECATED_OBJC_IMPLEMENTATIONS = YES;
				CLANG_WARN_DIRECT_OBJC_ISA_USAGE = YES_ERROR;
				CLANG_WARN_DOCUMENTATION_COMMENTS = YES;
				CLANG_WARN_EMPTY_BODY = YES;
				CLANG_WARN_ENUM_CONVERSION = YES;
				CLANG_WARN_INFINITE_RECURSION = YES;
				CLANG_WARN_INT_CONVERSION = YES;
				CLANG_WARN_NON_LITERAL_NULL_CONVERSION = YES;
				CLANG_WARN_OBJC_IMPLICIT_RETAIN_SELF = YES;
				CLANG_WARN_OBJC_LITERAL_CONVERSION = YES;
				CLANG_WARN_OBJC_ROOT_CLASS = YES_ERROR;
				CLANG_WARN_RANGE_LOOP_ANALYSIS = YES;
				CLANG_WARN_STRICT_PROTOTYPES = YES;
				CLANG_WARN_SUSPICIOUS_MOVE = YES;
				CLANG_WARN_UNGUARDED_AVAILABILITY = YES_AGGRESSIVE;
				CLANG_WARN_UNREACHABLE_CODE = YES;
				CLANG_WARN__DUPLICATE_METHOD_MATCH = YES;
				CODE_SIGN_IDENTITY = "Mac Developer";
				COPY_PHASE_STRIP = NO;
				DEBUG_INFORMATION_FORMAT = "dwarf-with-dsym";
				ENABLE_NS_ASSERTIONS = NO;
				ENABLE_STRICT_OBJC_MSGSEND = YES;
				GCC_C_LANGUAGE_STANDARD = gnu11;
				GCC_NO_COMMON_BLOCKS = YES;
				GCC_WARN_64_TO_32_BIT_CONVERSION = YES;
				GCC_WARN_ABOUT_RETURN_TYPE = YES_ERROR;
				GCC_WARN_UNDECLARED_SELECTOR = YES;
				GCC_WARN_UNINITIALIZED_AUTOS = YES_AGGRESSIVE;
				GCC_WARN_UNUSED_FUNCTION = YES;
				GCC_WARN_UNUSED_VARIABLE = YES;
				MACOSX_DEPLOYMENT_TARGET = 10.14;
				MTL_ENABLE_DEBUG_INFO = NO;
				MTL_FAST_MATH = YES;
				SDKROOT = macosx;
				SWIFT_COMPILATION_MODE = wholemodule;
				SWIFT_OPTIMIZATION_LEVEL = "-O";
			};
			name = Release;
		};
		750A1B2D21E8D516008D1056 /* Debug */ = {
			isa = XCBuildConfiguration;
			buildSettings = {
				ASSETCATALOG_COMPILER_APPICON_NAME = "";
				CODE_SIGN_ENTITLEMENTS = "";
				CODE_SIGN_IDENTITY = "Developer ID Application";
				CODE_SIGN_STYLE = Manual;
				COMBINE_HIDPI_IMAGES = YES;
				DEVELOPMENT_TEAM = ZQK6SX26CE;
				FRAMEWORK_SEARCH_PATHS = (
					"$(inherited)",
					"$(PROJECT_DIR)",
					"$(PROJECT_DIR)/../Carthage/Build/Mac",
				);
				INFOPLIST_FILE = ChartDemo/Info.plist;
				LD_RUNPATH_SEARCH_PATHS = (
					"$(inherited)",
					"@executable_path/../Frameworks",
				);
				PRODUCT_BUNDLE_IDENTIFIER = org.cindori.ChartDemo;
				PRODUCT_NAME = "$(TARGET_NAME)";
				PROVISIONING_PROFILE_SPECIFIER = "";
				SWIFT_VERSION = 5.0;
			};
			name = Debug;
		};
		750A1B2E21E8D516008D1056 /* Release */ = {
			isa = XCBuildConfiguration;
			buildSettings = {
				ASSETCATALOG_COMPILER_APPICON_NAME = "";
				CODE_SIGN_ENTITLEMENTS = "";
				CODE_SIGN_IDENTITY = "Developer ID Application";
				CODE_SIGN_STYLE = Manual;
				COMBINE_HIDPI_IMAGES = YES;
				DEVELOPMENT_TEAM = ZQK6SX26CE;
				FRAMEWORK_SEARCH_PATHS = (
					"$(inherited)",
					"$(PROJECT_DIR)",
					"$(PROJECT_DIR)/../Carthage/Build/Mac",
				);
				INFOPLIST_FILE = ChartDemo/Info.plist;
				LD_RUNPATH_SEARCH_PATHS = (
					"$(inherited)",
					"@executable_path/../Frameworks",
				);
				PRODUCT_BUNDLE_IDENTIFIER = org.cindori.ChartDemo;
				PRODUCT_NAME = "$(TARGET_NAME)";
				PROVISIONING_PROFILE_SPECIFIER = "";
				SWIFT_VERSION = 5.0;
			};
			name = Release;
		};
/* End XCBuildConfiguration section */

/* Begin XCConfigurationList section */
		750A1B1721E8D515008D1056 /* Build configuration list for PBXProject "ChartDemo" */ = {
			isa = XCConfigurationList;
			buildConfigurations = (
				750A1B2A21E8D516008D1056 /* Debug */,
				750A1B2B21E8D516008D1056 /* Release */,
			);
			defaultConfigurationIsVisible = 0;
			defaultConfigurationName = Release;
		};
		750A1B2C21E8D516008D1056 /* Build configuration list for PBXNativeTarget "ChartDemo" */ = {
			isa = XCConfigurationList;
			buildConfigurations = (
				750A1B2D21E8D516008D1056 /* Debug */,
				750A1B2E21E8D516008D1056 /* Release */,
			);
			defaultConfigurationIsVisible = 0;
			defaultConfigurationName = Release;
		};
/* End XCConfigurationList section */
	};
	rootObject = 750A1B1421E8D515008D1056 /* Project object */;
}
