// !$*UTF8*$!
{
	archiveVersion = 1;
	classes = {
	};
	objectVersion = 50;
	objects = {

/* Begin PBXBuildFile section */
		750342AC21EC9A92008DDB69 /* CAAnimation+Extensions.swift in Sources */ = {isa = PBXBuildFile; fileRef = 750342AB21EC9A92008DDB69 /* CAAnimation+Extensions.swift */; };
		750342AE21EC9AEC008DDB69 /* CAAnimationHandler.swift in Sources */ = {isa = PBXBuildFile; fileRef = 750342AD21EC9AEC008DDB69 /* CAAnimationHandler.swift */; };
		750342B021ECA092008DDB69 /* NSColor+LighterDarker.swift in Sources */ = {isa = PBXBuildFile; fileRef = 750342AF21ECA092008DDB69 /* NSColor+LighterDarker.swift */; };
		750A1B1021E8D466008D1056 /* DifferenceKit.framework in Frameworks */ = {isa = PBXBuildFile; fileRef = 750A1B0F21E8D466008D1056 /* DifferenceKit.framework */; };
		75285B8921ECD72100D0312E /* CGPath+Arc.swift in Sources */ = {isa = PBXBuildFile; fileRef = 75285B8821ECD72100D0312E /* CGPath+Arc.swift */; };
		75285B8B21ECEF5200D0312E /* Node.swift in Sources */ = {isa = PBXBuildFile; fileRef = 75285B8A21ECEF5200D0312E /* Node.swift */; };
		75285B8D21ECF2E900D0312E /* D3Test.swift in Sources */ = {isa = PBXBuildFile; fileRef = 75285B8C21ECF2E900D0312E /* D3Test.swift */; };
		75285B8F21ECF3A800D0312E /* Partition.swift in Sources */ = {isa = PBXBuildFile; fileRef = 75285B8E21ECF3A800D0312E /* Partition.swift */; };
		7568852521EB4CF900CDB5CA /* ChartNode.swift in Sources */ = {isa = PBXBuildFile; fileRef = 7568852421EB4CF900CDB5CA /* ChartNode.swift */; };
		757BC2AC21E7D49D002D5EDF /* SunburstChart.h in Headers */ = {isa = PBXBuildFile; fileRef = 757BC2AA21E7D49D002D5EDF /* SunburstChart.h */; settings = {ATTRIBUTES = (Public, ); }; };
		75DFFE0821EB66C700790930 /* SBChartView.swift in Sources */ = {isa = PBXBuildFile; fileRef = 75DFFE0721EB66C700790930 /* SBChartView.swift */; };
/* End PBXBuildFile section */

/* Begin PBXFileReference section */
		750342AB21EC9A92008DDB69 /* CAAnimation+Extensions.swift */ = {isa = PBXFileReference; lastKnownFileType = sourcecode.swift; path = "CAAnimation+Extensions.swift"; sourceTree = "<group>"; };
		750342AD21EC9AEC008DDB69 /* CAAnimationHandler.swift */ = {isa = PBXFileReference; lastKnownFileType = sourcecode.swift; path = CAAnimationHandler.swift; sourceTree = "<group>"; };
		750342AF21ECA092008DDB69 /* NSColor+LighterDarker.swift */ = {isa = PBXFileReference; lastKnownFileType = sourcecode.swift; path = "NSColor+LighterDarker.swift"; sourceTree = "<group>"; };
		750A1B0F21E8D466008D1056 /* DifferenceKit.framework */ = {isa = PBXFileReference; lastKnownFileType = wrapper.framework; name = DifferenceKit.framework; path = Carthage/Build/Mac/DifferenceKit.framework; sourceTree = "<group>"; };
		75285B8821ECD72100D0312E /* CGPath+Arc.swift */ = {isa = PBXFileReference; lastKnownFileType = sourcecode.swift; path = "CGPath+Arc.swift"; sourceTree = "<group>"; };
		75285B8A21ECEF5200D0312E /* Node.swift */ = {isa = PBXFileReference; lastKnownFileType = sourcecode.swift; path = Node.swift; sourceTree = "<group>"; };
		75285B8C21ECF2E900D0312E /* D3Test.swift */ = {isa = PBXFileReference; lastKnownFileType = sourcecode.swift; path = D3Test.swift; sourceTree = "<group>"; };
		75285B8E21ECF3A800D0312E /* Partition.swift */ = {isa = PBXFileReference; lastKnownFileType = sourcecode.swift; path = Partition.swift; sourceTree = "<group>"; };
		7568852421EB4CF900CDB5CA /* ChartNode.swift */ = {isa = PBXFileReference; lastKnownFileType = sourcecode.swift; path = ChartNode.swift; sourceTree = "<group>"; };
		757BC2A721E7D49D002D5EDF /* SunburstChart.framework */ = {isa = PBXFileReference; explicitFileType = wrapper.framework; includeInIndex = 0; path = SunburstChart.framework; sourceTree = BUILT_PRODUCTS_DIR; };
		757BC2AA21E7D49D002D5EDF /* SunburstChart.h */ = {isa = PBXFileReference; lastKnownFileType = sourcecode.c.h; path = SunburstChart.h; sourceTree = "<group>"; };
		757BC2AB21E7D49D002D5EDF /* Info.plist */ = {isa = PBXFileReference; lastKnownFileType = text.plist.xml; path = Info.plist; sourceTree = "<group>"; };
		75DFFE0721EB66C700790930 /* SBChartView.swift */ = {isa = PBXFileReference; lastKnownFileType = sourcecode.swift; path = SBChartView.swift; sourceTree = "<group>"; };
/* End PBXFileReference section */

/* Begin PBXFrameworksBuildPhase section */
		757BC2A421E7D49D002D5EDF /* Frameworks */ = {
			isa = PBXFrameworksBuildPhase;
			buildActionMask = 2147483647;
			files = (
				750A1B1021E8D466008D1056 /* DifferenceKit.framework in Frameworks */,
			);
			runOnlyForDeploymentPostprocessing = 0;
		};
/* End PBXFrameworksBuildPhase section */

/* Begin PBXGroup section */
		750A1B0C21E8D382008D1056 /* Resources */ = {
			isa = PBXGroup;
			children = (
				750A1B0D21E8D388008D1056 /* Other */,
			);
			path = Resources;
			sourceTree = "<group>";
		};
		750A1B0D21E8D388008D1056 /* Other */ = {
			isa = PBXGroup;
			children = (
				757BC2AA21E7D49D002D5EDF /* SunburstChart.h */,
				757BC2AB21E7D49D002D5EDF /* Info.plist */,
			);
			path = Other;
			sourceTree = "<group>";
		};
		750A1B0E21E8D439008D1056 /* Frameworks */ = {
			isa = PBXGroup;
			children = (
				750A1B0F21E8D466008D1056 /* DifferenceKit.framework */,
			);
			name = Frameworks;
			sourceTree = "<group>";
		};
		750A1B3921E8D663008D1056 /* Protocols */ = {
			isa = PBXGroup;
			children = (
			);
			path = Protocols;
			sourceTree = "<group>";
		};
		750A1B3A21E8D6A6008D1056 /* Helpers */ = {
			isa = PBXGroup;
			children = (
				750342AB21EC9A92008DDB69 /* CAAnimation+Extensions.swift */,
				750342AF21ECA092008DDB69 /* NSColor+LighterDarker.swift */,
				750342AD21EC9AEC008DDB69 /* CAAnimationHandler.swift */,
			);
			path = Helpers;
			sourceTree = "<group>";
		};
		75285B8721ECD71600D0312E /* D3 */ = {
			isa = PBXGroup;
			children = (
				75285B8C21ECF2E900D0312E /* D3Test.swift */,
				75285B8E21ECF3A800D0312E /* Partition.swift */,
				75285B8821ECD72100D0312E /* CGPath+Arc.swift */,
				75285B8A21ECEF5200D0312E /* Node.swift */,
			);
			path = D3;
			sourceTree = "<group>";
		};
		7568852321EB4BCF00CDB5CA /* Drawing */ = {
			isa = PBXGroup;
			children = (
				7568852421EB4CF900CDB5CA /* ChartNode.swift */,
				75DFFE0721EB66C700790930 /* SBChartView.swift */,
			);
			path = Drawing;
			sourceTree = "<group>";
		};
		757BC29D21E7D49D002D5EDF = {
			isa = PBXGroup;
			children = (
				757BC2A921E7D49D002D5EDF /* SunburstChart */,
				750A1B0E21E8D439008D1056 /* Frameworks */,
				757BC2A821E7D49D002D5EDF /* Products */,
			);
			sourceTree = "<group>";
		};
		757BC2A821E7D49D002D5EDF /* Products */ = {
			isa = PBXGroup;
			children = (
				757BC2A721E7D49D002D5EDF /* SunburstChart.framework */,
			);
			name = Products;
			sourceTree = "<group>";
		};
		757BC2A921E7D49D002D5EDF /* SunburstChart */ = {
			isa = PBXGroup;
			children = (
				75285B8721ECD71600D0312E /* D3 */,
				757BC2C821E7D622002D5EDF /* Models */,
				7568852321EB4BCF00CDB5CA /* Drawing */,
				750A1B3A21E8D6A6008D1056 /* Helpers */,
				750A1B3921E8D663008D1056 /* Protocols */,
				750A1B0C21E8D382008D1056 /* Resources */,
			);
			path = SunburstChart;
			sourceTree = "<group>";
		};
		757BC2C821E7D622002D5EDF /* Models */ = {
			isa = PBXGroup;
			children = (
			);
			path = Models;
			sourceTree = "<group>";
		};
/* End PBXGroup section */

/* Begin PBXHeadersBuildPhase section */
		757BC2A221E7D49D002D5EDF /* Headers */ = {
			isa = PBXHeadersBuildPhase;
			buildActionMask = 2147483647;
			files = (
				757BC2AC21E7D49D002D5EDF /* SunburstChart.h in Headers */,
			);
			runOnlyForDeploymentPostprocessing = 0;
		};
/* End PBXHeadersBuildPhase section */

/* Begin PBXNativeTarget section */
		757BC2A621E7D49D002D5EDF /* SunburstChart */ = {
			isa = PBXNativeTarget;
			buildConfigurationList = 757BC2AF21E7D49D002D5EDF /* Build configuration list for PBXNativeTarget "SunburstChart" */;
			buildPhases = (
				757BC2A221E7D49D002D5EDF /* Headers */,
				757BC2A321E7D49D002D5EDF /* Sources */,
				757BC2A421E7D49D002D5EDF /* Frameworks */,
				757BC2A521E7D49D002D5EDF /* Resources */,
				750A1B1221E8D47A008D1056 /* Copy frameworks (Carthage) */,
			);
			buildRules = (
			);
			dependencies = (
			);
			name = SunburstChart;
			productName = SunburstChart;
			productReference = 757BC2A721E7D49D002D5EDF /* SunburstChart.framework */;
			productType = "com.apple.product-type.framework";
		};
/* End PBXNativeTarget section */

/* Begin PBXProject section */
		757BC29E21E7D49D002D5EDF /* Project object */ = {
			isa = PBXProject;
			attributes = {
				LastSwiftUpdateCheck = 1010;
				LastUpgradeCheck = 1010;
				ORGANIZATIONNAME = "Oskar Groth";
				TargetAttributes = {
					757BC2A621E7D49D002D5EDF = {
						CreatedOnToolsVersion = 10.1;
						LastSwiftMigration = 1010;
					};
				};
			};
			buildConfigurationList = 757BC2A121E7D49D002D5EDF /* Build configuration list for PBXProject "SunburstChart" */;
			compatibilityVersion = "Xcode 9.3";
			developmentRegion = en;
			hasScannedForEncodings = 0;
			knownRegions = (
				en,
				Base,
			);
			mainGroup = 757BC29D21E7D49D002D5EDF;
			productRefGroup = 757BC2A821E7D49D002D5EDF /* Products */;
			projectDirPath = "";
			projectRoot = "";
			targets = (
				757BC2A621E7D49D002D5EDF /* SunburstChart */,
			);
		};
/* End PBXProject section */

/* Begin PBXResourcesBuildPhase section */
		757BC2A521E7D49D002D5EDF /* Resources */ = {
			isa = PBXResourcesBuildPhase;
			buildActionMask = 2147483647;
			files = (
			);
			runOnlyForDeploymentPostprocessing = 0;
		};
/* End PBXResourcesBuildPhase section */

/* Begin PBXShellScriptBuildPhase section */
		750A1B1221E8D47A008D1056 /* Copy frameworks (Carthage) */ = {
			isa = PBXShellScriptBuildPhase;
			buildActionMask = 2147483647;
			files = (
			);
			inputFileListPaths = (
			);
			inputPaths = (
				"$(SRCROOT)/Carthage/Build/Mac/DifferenceKit.framework",
			);
			name = "Copy frameworks (Carthage)";
			outputFileListPaths = (
			);
			outputPaths = (
			);
			runOnlyForDeploymentPostprocessing = 0;
			shellPath = /bin/sh;
			shellScript = "/usr/local/bin/carthage copy-frameworks\n";
		};
/* End PBXShellScriptBuildPhase section */

/* Begin PBXSourcesBuildPhase section */
		757BC2A321E7D49D002D5EDF /* Sources */ = {
			isa = PBXSourcesBuildPhase;
			buildActionMask = 2147483647;
			files = (
				750342B021ECA092008DDB69 /* NSColor+LighterDarker.swift in Sources */,
				75285B8921ECD72100D0312E /* CGPath+Arc.swift in Sources */,
				75285B8B21ECEF5200D0312E /* Node.swift in Sources */,
				750342AC21EC9A92008DDB69 /* CAAnimation+Extensions.swift in Sources */,
				75285B8F21ECF3A800D0312E /* Partition.swift in Sources */,
				7568852521EB4CF900CDB5CA /* ChartNode.swift in Sources */,
				75DFFE0821EB66C700790930 /* SBChartView.swift in Sources */,
				75285B8D21ECF2E900D0312E /* D3Test.swift in Sources */,
				750342AE21EC9AEC008DDB69 /* CAAnimationHandler.swift in Sources */,
			);
			runOnlyForDeploymentPostprocessing = 0;
		};
/* End PBXSourcesBuildPhase section */

/* Begin XCBuildConfiguration section */
		757BC2AD21E7D49D002D5EDF /* Debug */ = {
			isa = XCBuildConfiguration;
			buildSettings = {
				ALWAYS_SEARCH_USER_PATHS = NO;
				CLANG_ANALYZER_NONNULL = YES;
				CLANG_ANALYZER_NUMBER_OBJECT_CONVERSION = YES_AGGRESSIVE;
				CLANG_CXX_LANGUAGE_STANDARD = "gnu++14";
				CLANG_CXX_LIBRARY = "libc++";
				CLANG_ENABLE_MODULES = YES;
				CLANG_ENABLE_OBJC_ARC = YES;
				CLANG_ENABLE_OBJC_WEAK = YES;
				CLANG_WARN_BLOCK_CAPTURE_AUTORELEASING = YES;
				CLANG_WARN_BOOL_CONVERSION = YES;
				CLANG_WARN_COMMA = YES;
				CLANG_WARN_CONSTANT_CONVERSION = YES;
				CLANG_WARN_DEPRECATED_OBJC_IMPLEMENTATIONS = YES;
				CLANG_WARN_DIRECT_OBJC_ISA_USAGE = YES_ERROR;
				CLANG_WARN_DOCUMENTATION_COMMENTS = YES;
				CLANG_WARN_EMPTY_BODY = YES;
				CLANG_WARN_ENUM_CONVERSION = YES;
				CLANG_WARN_INFINITE_RECURSION = YES;
				CLANG_WARN_INT_CONVERSION = YES;
				CLANG_WARN_NON_LITERAL_NULL_CONVERSION = YES;
				CLANG_WARN_OBJC_IMPLICIT_RETAIN_SELF = YES;
				CLANG_WARN_OBJC_LITERAL_CONVERSION = YES;
				CLANG_WARN_OBJC_ROOT_CLASS = YES_ERROR;
				CLANG_WARN_RANGE_LOOP_ANALYSIS = YES;
				CLANG_WARN_STRICT_PROTOTYPES = YES;
				CLANG_WARN_SUSPICIOUS_MOVE = YES;
				CLANG_WARN_UNGUARDED_AVAILABILITY = YES_AGGRESSIVE;
				CLANG_WARN_UNREACHABLE_CODE = YES;
				CLANG_WARN__DUPLICATE_METHOD_MATCH = YES;
				CODE_SIGN_IDENTITY = "Mac Developer";
				COPY_PHASE_STRIP = NO;
				CURRENT_PROJECT_VERSION = 1;
				DEBUG_INFORMATION_FORMAT = dwarf;
				ENABLE_STRICT_OBJC_MSGSEND = YES;
				ENABLE_TESTABILITY = YES;
				GCC_C_LANGUAGE_STANDARD = gnu11;
				GCC_DYNAMIC_NO_PIC = NO;
				GCC_NO_COMMON_BLOCKS = YES;
				GCC_OPTIMIZATION_LEVEL = 0;
				GCC_PREPROCESSOR_DEFINITIONS = (
					"DEBUG=1",
					"$(inherited)",
				);
				GCC_WARN_64_TO_32_BIT_CONVERSION = YES;
				GCC_WARN_ABOUT_RETURN_TYPE = YES_ERROR;
				GCC_WARN_UNDECLARED_SELECTOR = YES;
				GCC_WARN_UNINITIALIZED_AUTOS = YES_AGGRESSIVE;
				GCC_WARN_UNUSED_FUNCTION = YES;
				GCC_WARN_UNUSED_VARIABLE = YES;
				MACOSX_DEPLOYMENT_TARGET = 10.14;
				MTL_ENABLE_DEBUG_INFO = INCLUDE_SOURCE;
				MTL_FAST_MATH = YES;
				ONLY_ACTIVE_ARCH = YES;
				SDKROOT = macosx;
				SWIFT_ACTIVE_COMPILATION_CONDITIONS = DEBUG;
				SWIFT_OPTIMIZATION_LEVEL = "-Onone";
				VERSIONING_SYSTEM = "apple-generic";
				VERSION_INFO_PREFIX = "";
			};
			name = Debug;
		};
		757BC2AE21E7D49D002D5EDF /* Release */ = {
			isa = XCBuildConfiguration;
			buildSettings = {
				ALWAYS_SEARCH_USER_PATHS = NO;
				CLANG_ANALYZER_NONNULL = YES;
				CLANG_ANALYZER_NUMBER_OBJECT_CONVERSION = YES_AGGRESSIVE;
				CLANG_CXX_LANGUAGE_STANDARD = "gnu++14";
				CLANG_CXX_LIBRARY = "libc++";
				CLANG_ENABLE_MODULES = YES;
				CLANG_ENABLE_OBJC_ARC = YES;
				CLANG_ENABLE_OBJC_WEAK = YES;
				CLANG_WARN_BLOCK_CAPTURE_AUTORELEASING = YES;
				CLANG_WARN_BOOL_CONVERSION = YES;
				CLANG_WARN_COMMA = YES;
				CLANG_WARN_CONSTANT_CONVERSION = YES;
				CLANG_WARN_DEPRECATED_OBJC_IMPLEMENTATIONS = YES;
				CLANG_WARN_DIRECT_OBJC_ISA_USAGE = YES_ERROR;
				CLANG_WARN_DOCUMENTATION_COMMENTS = YES;
				CLANG_WARN_EMPTY_BODY = YES;
				CLANG_WARN_ENUM_CONVERSION = YES;
				CLANG_WARN_INFINITE_RECURSION = YES;
				CLANG_WARN_INT_CONVERSION = YES;
				CLANG_WARN_NON_LITERAL_NULL_CONVERSION = YES;
				CLANG_WARN_OBJC_IMPLICIT_RETAIN_SELF = YES;
				CLANG_WARN_OBJC_LITERAL_CONVERSION = YES;
				CLANG_WARN_OBJC_ROOT_CLASS = YES_ERROR;
				CLANG_WARN_RANGE_LOOP_ANALYSIS = YES;
				CLANG_WARN_STRICT_PROTOTYPES = YES;
				CLANG_WARN_SUSPICIOUS_MOVE = YES;
				CLANG_WARN_UNGUARDED_AVAILABILITY = YES_AGGRESSIVE;
				CLANG_WARN_UNREACHABLE_CODE = YES;
				CLANG_WARN__DUPLICATE_METHOD_MATCH = YES;
				CODE_SIGN_IDENTITY = "Mac Developer";
				COPY_PHASE_STRIP = NO;
				CURRENT_PROJECT_VERSION = 1;
				DEBUG_INFORMATION_FORMAT = "dwarf-with-dsym";
				ENABLE_NS_ASSERTIONS = NO;
				ENABLE_STRICT_OBJC_MSGSEND = YES;
				GCC_C_LANGUAGE_STANDARD = gnu11;
				GCC_NO_COMMON_BLOCKS = YES;
				GCC_WARN_64_TO_32_BIT_CONVERSION = YES;
				GCC_WARN_ABOUT_RETURN_TYPE = YES_ERROR;
				GCC_WARN_UNDECLARED_SELECTOR = YES;
				GCC_WARN_UNINITIALIZED_AUTOS = YES_AGGRESSIVE;
				GCC_WARN_UNUSED_FUNCTION = YES;
				GCC_WARN_UNUSED_VARIABLE = YES;
				MACOSX_DEPLOYMENT_TARGET = 10.14;
				MTL_ENABLE_DEBUG_INFO = NO;
				MTL_FAST_MATH = YES;
				SDKROOT = macosx;
				SWIFT_COMPILATION_MODE = wholemodule;
				SWIFT_OPTIMIZATION_LEVEL = "-O";
				VERSIONING_SYSTEM = "apple-generic";
				VERSION_INFO_PREFIX = "";
			};
			name = Release;
		};
		757BC2B021E7D49D002D5EDF /* Debug */ = {
			isa = XCBuildConfiguration;
			buildSettings = {
				CLANG_ENABLE_MODULES = YES;
				CODE_SIGN_IDENTITY = "Developer ID Application";
				CODE_SIGN_STYLE = Manual;
				COMBINE_HIDPI_IMAGES = YES;
				DEFINES_MODULE = YES;
				DEVELOPMENT_TEAM = ZQK6SX26CE;
				DYLIB_COMPATIBILITY_VERSION = 1;
				DYLIB_CURRENT_VERSION = 1;
				DYLIB_INSTALL_NAME_BASE = "@rpath";
				FRAMEWORK_SEARCH_PATHS = (
					"$(inherited)",
					"$(PROJECT_DIR)/Carthage/Build/Mac",
				);
				FRAMEWORK_VERSION = A;
				INFOPLIST_FILE = "$(SRCROOT)/SunburstChart/Resources/Other/Info.plist";
				INSTALL_PATH = "$(LOCAL_LIBRARY_DIR)/Frameworks";
				LD_RUNPATH_SEARCH_PATHS = (
					"$(inherited)",
					"@executable_path/../Frameworks",
					"@loader_path/Frameworks",
				);
				PRODUCT_BUNDLE_IDENTIFIER = org.cindori.SunburstChart;
				PRODUCT_NAME = "$(TARGET_NAME:c99extidentifier)";
				PROVISIONING_PROFILE_SPECIFIER = "";
				SKIP_INSTALL = YES;
				SWIFT_OPTIMIZATION_LEVEL = "-Onone";
				SWIFT_VERSION = 4.2;
			};
			name = Debug;
		};
		757BC2B121E7D49D002D5EDF /* Release */ = {
			isa = XCBuildConfiguration;
			buildSettings = {
				CLANG_ENABLE_MODULES = YES;
				CODE_SIGN_IDENTITY = "Developer ID Application";
				CODE_SIGN_STYLE = Manual;
				COMBINE_HIDPI_IMAGES = YES;
				DEFINES_MODULE = YES;
				DEVELOPMENT_TEAM = ZQK6SX26CE;
				DYLIB_COMPATIBILITY_VERSION = 1;
				DYLIB_CURRENT_VERSION = 1;
				DYLIB_INSTALL_NAME_BASE = "@rpath";
				FRAMEWORK_SEARCH_PATHS = (
					"$(inherited)",
					"$(PROJECT_DIR)/Carthage/Build/Mac",
				);
				FRAMEWORK_VERSION = A;
				INFOPLIST_FILE = "$(SRCROOT)/SunburstChart/Resources/Other/Info.plist";
				INSTALL_PATH = "$(LOCAL_LIBRARY_DIR)/Frameworks";
				LD_RUNPATH_SEARCH_PATHS = (
					"$(inherited)",
					"@executable_path/../Frameworks",
					"@loader_path/Frameworks",
				);
				PRODUCT_BUNDLE_IDENTIFIER = org.cindori.SunburstChart;
				PRODUCT_NAME = "$(TARGET_NAME:c99extidentifier)";
				PROVISIONING_PROFILE_SPECIFIER = "";
				SKIP_INSTALL = YES;
				SWIFT_VERSION = 4.2;
			};
			name = Release;
		};
/* End XCBuildConfiguration section */

/* Begin XCConfigurationList section */
		757BC2A121E7D49D002D5EDF /* Build configuration list for PBXProject "SunburstChart" */ = {
			isa = XCConfigurationList;
			buildConfigurations = (
				757BC2AD21E7D49D002D5EDF /* Debug */,
				757BC2AE21E7D49D002D5EDF /* Release */,
			);
			defaultConfigurationIsVisible = 0;
			defaultConfigurationName = Release;
		};
		757BC2AF21E7D49D002D5EDF /* Build configuration list for PBXNativeTarget "SunburstChart" */ = {
			isa = XCConfigurationList;
			buildConfigurations = (
				757BC2B021E7D49D002D5EDF /* Debug */,
				757BC2B121E7D49D002D5EDF /* Release */,
			);
			defaultConfigurationIsVisible = 0;
			defaultConfigurationName = Release;
		};
/* End XCConfigurationList section */
	};
	rootObject = 757BC29E21E7D49D002D5EDF /* Project object */;
}
